
Microsoft Visual Studio Solution File, Format Version 12.00
Project("{2150E333-8FDC-42A3-9474-1A3956D46DE8}") = "WebAuthn", "WebAuthn", "{E14248CA-BC4B-41B1-812B-3A5AF9C48C12}"
EndProject
Project("{FAE04EC0-301F-11D3-BF4B-00C04F79EFBC}") = "MystSafe.Client.Fido2", "MystSafe.Client.Fido2\MystSafe.Client.Fido2.csproj", "{F2911E85-13C3-4993-8B5C-2ED603F3427A}"
EndProject
Project("{FAE04EC0-301F-11D3-BF4B-00C04F79EFBC}") = "MystSafe.Client.Fido2.BlazorWebAssembly", "MystSafe.Client.Fido2.BlazorWebAssembly\MystSafe.Client.Fido2.BlazorWebAssembly.csproj", "{1AA78403-4AF2-461F-A6C0-1751B6F2384A}"
EndProject
Project("{FAE04EC0-301F-11D3-BF4B-00C04F79EFBC}") = "MystSafe.Client.Engine", "MystSafe.Client.Engine\MystSafe.Client.Engine.csproj", "{A7EA7A1B-588C-410E-B428-99B3992B0F36}"
EndProject
Project("{FAE04EC0-301F-11D3-BF4B-00C04F79EFBC}") = "MystSafe.Client.App", "MystSafe.Client.WASM\MystSafe.Client.App.csproj", "{E3D6BDDC-AC2F-4B0E-9C1E-143708E90927}"
EndProject
Project("{FAE04EC0-301F-11D3-BF4B-00C04F79EFBC}") = "MystSafe.Client.Base", "MystSafe.Client.Base\MystSafe.Client.Base.csproj", "{687D74FB-F245-438A-87EA-8D59D405D8C1}"
EndProject
Project("{FAE04EC0-301F-11D3-BF4B-00C04F79EFBC}") = "MystSafe.Client.Fido2.Models", "MystSafe.Client.Fido2.Models\MystSafe.Client.Fido2.Models.csproj", "{F13481A0-9662-4226-96C9-2449D432E6D4}"
EndProject
Project("{2150E333-8FDC-42A3-9474-1A3956D46DE8}") = "Configs", "Configs", "{F6D9F0E9-7B2C-4D86-8C6A-DC6C71E60DC1}"
	ProjectSection(SolutionItems) = preProject
		nginx.conf = nginx.conf
	EndProjectSection
EndProject
Project("{FAE04EC0-301F-11D3-BF4B-00C04F79EFBC}") = "MystSafe.Shared.Crypto", "MystSafe.Shared.Crypto\MystSafe.Shared.Crypto.csproj", "{3C99EA6F-362F-4CE6-A890-73FDE2739B03}"
EndProject
Project("{FAE04EC0-301F-11D3-BF4B-00C04F79EFBC}") = "MystSafe.Shared.Common", "MystSafe.Shared.Common\MystSafe.Shared.Common.csproj", "{7B8C85E0-0DED-4D27-99EC-7B55B317FD6A}"
EndProject
Project("{2150E333-8FDC-42A3-9474-1A3956D46DE8}") = "Shared", "Shared", "{E443A4E4-5B9C-4BB4-AE32-5D057862BDE9}"
	ProjectSection(SolutionItems) = preProject
		LICENSE = LICENSE
	EndProjectSection
EndProject
Project("{FAE04EC0-301F-11D3-BF4B-00C04F79EFBC}") = "MystSafe.Shared.CryptoLicense", "MystSafe.Shared.CryptoLicense\MystSafe.Shared.CryptoLicense.csproj", "{A26CADCD-9CC2-4B81-A5FE-5760B7B1F7C4}"
EndProject
Project("{FAE04EC0-301F-11D3-BF4B-00C04F79EFBC}") = "MystSafe.Client.CryptoLicense", "MystSafe.Client.CryptoLicense\MystSafe.Client.CryptoLicense.csproj", "{7912D12B-9937-444E-8DE0-5AB6103145BE}"
EndProject
Project("{2150E333-8FDC-42A3-9474-1A3956D46DE8}") = "Client", "Client", "{4D632389-F788-48C4-AB0E-AAD933E5E463}"
EndProject
Project("{2150E333-8FDC-42A3-9474-1A3956D46DE8}") = "Backend", "Backend", "{34910B7D-B3D9-447E-BA90-FA5C110D32D3}"
EndProject
Project("{FAE04EC0-301F-11D3-BF4B-00C04F79EFBC}") = "MystSafe.Backend.DB", "MystSafe.Backend.DB\MystSafe.Backend.DB.csproj", "{6EF53E62-39A9-4242-8D50-002FEA64CE56}"
EndProject
Project("{FAE04EC0-301F-11D3-BF4B-00C04F79EFBC}") = "MystSafe.Backend.Relay", "MystSafe.Backend.Relay\MystSafe.Backend.Relay.csproj", "{A64B3164-7FF8-41AE-B66A-EFDC08B14AFD}"
EndProject
Project("{2150E333-8FDC-42A3-9474-1A3956D46DE8}") = "Tests", "Tests", "{9F07FB06-CCCF-405E-9855-B26B6A76BB08}"
EndProject
Project("{FAE04EC0-301F-11D3-BF4B-00C04F79EFBC}") = "MystSafe.Shared.Tests", "MystSafe.Shared.Tests\MystSafe.Shared.Tests.csproj", "{FECC7C1B-5D67-43A7-8D4E-97AF711616E5}"
EndProject
Project("{FAE04EC0-301F-11D3-BF4B-00C04F79EFBC}") = "MystSafe.Client.Tests", "MystSafe.Client.Tests\MystSafe.Client.Tests.csproj", "{08B8FD33-5856-4DA6-9842-7D74F6887177}"
EndProject
Project("{FAE04EC0-301F-11D3-BF4B-00C04F79EFBC}") = "MystSafe.Tests.CryptoLicense", "MystSafe.Tests.CryptoLicense\MystSafe.Tests.CryptoLicense.csproj", "{AA259C5F-98DE-4F18-9107-8B74CE9B21D9}"
EndProject
Global
	GlobalSection(SolutionConfigurationPlatforms) = preSolution
		Debug|Any CPU = Debug|Any CPU
		Release|Any CPU = Release|Any CPU
	EndGlobalSection
	GlobalSection(ProjectConfigurationPlatforms) = postSolution
		{F2911E85-13C3-4993-8B5C-2ED603F3427A}.Debug|Any CPU.ActiveCfg = Debug|Any CPU
		{F2911E85-13C3-4993-8B5C-2ED603F3427A}.Debug|Any CPU.Build.0 = Debug|Any CPU
		{F2911E85-13C3-4993-8B5C-2ED603F3427A}.Release|Any CPU.ActiveCfg = Release|Any CPU
		{F2911E85-13C3-4993-8B5C-2ED603F3427A}.Release|Any CPU.Build.0 = Release|Any CPU
		{1AA78403-4AF2-461F-A6C0-1751B6F2384A}.Debug|Any CPU.ActiveCfg = Debug|Any CPU
		{1AA78403-4AF2-461F-A6C0-1751B6F2384A}.Debug|Any CPU.Build.0 = Debug|Any CPU
		{1AA78403-4AF2-461F-A6C0-1751B6F2384A}.Release|Any CPU.ActiveCfg = Release|Any CPU
		{1AA78403-4AF2-461F-A6C0-1751B6F2384A}.Release|Any CPU.Build.0 = Release|Any CPU
		{A7EA7A1B-588C-410E-B428-99B3992B0F36}.Debug|Any CPU.ActiveCfg = Debug|Any CPU
		{A7EA7A1B-588C-410E-B428-99B3992B0F36}.Debug|Any CPU.Build.0 = Debug|Any CPU
		{A7EA7A1B-588C-410E-B428-99B3992B0F36}.Release|Any CPU.ActiveCfg = Release|Any CPU
		{A7EA7A1B-588C-410E-B428-99B3992B0F36}.Release|Any CPU.Build.0 = Release|Any CPU
		{E3D6BDDC-AC2F-4B0E-9C1E-143708E90927}.Debug|Any CPU.ActiveCfg = Debug|Any CPU
		{E3D6BDDC-AC2F-4B0E-9C1E-143708E90927}.Debug|Any CPU.Build.0 = Debug|Any CPU
		{E3D6BDDC-AC2F-4B0E-9C1E-143708E90927}.Release|Any CPU.ActiveCfg = Release|Any CPU
		{E3D6BDDC-AC2F-4B0E-9C1E-143708E90927}.Release|Any CPU.Build.0 = Release|Any CPU
		{687D74FB-F245-438A-87EA-8D59D405D8C1}.Debug|Any CPU.ActiveCfg = Debug|Any CPU
		{687D74FB-F245-438A-87EA-8D59D405D8C1}.Debug|Any CPU.Build.0 = Debug|Any CPU
		{687D74FB-F245-438A-87EA-8D59D405D8C1}.Release|Any CPU.ActiveCfg = Release|Any CPU
		{687D74FB-F245-438A-87EA-8D59D405D8C1}.Release|Any CPU.Build.0 = Release|Any CPU
		{F13481A0-9662-4226-96C9-2449D432E6D4}.Debug|Any CPU.ActiveCfg = Debug|Any CPU
		{F13481A0-9662-4226-96C9-2449D432E6D4}.Debug|Any CPU.Build.0 = Debug|Any CPU
		{F13481A0-9662-4226-96C9-2449D432E6D4}.Release|Any CPU.ActiveCfg = Release|Any CPU
		{F13481A0-9662-4226-96C9-2449D432E6D4}.Release|Any CPU.Build.0 = Release|Any CPU
		{3C99EA6F-362F-4CE6-A890-73FDE2739B03}.Debug|Any CPU.ActiveCfg = Debug|Any CPU
		{3C99EA6F-362F-4CE6-A890-73FDE2739B03}.Debug|Any CPU.Build.0 = Debug|Any CPU
		{3C99EA6F-362F-4CE6-A890-73FDE2739B03}.Release|Any CPU.ActiveCfg = Release|Any CPU
		{3C99EA6F-362F-4CE6-A890-73FDE2739B03}.Release|Any CPU.Build.0 = Release|Any CPU
		{7B8C85E0-0DED-4D27-99EC-7B55B317FD6A}.Debug|Any CPU.ActiveCfg = Debug|Any CPU
		{7B8C85E0-0DED-4D27-99EC-7B55B317FD6A}.Debug|Any CPU.Build.0 = Debug|Any CPU
		{7B8C85E0-0DED-4D27-99EC-7B55B317FD6A}.Release|Any CPU.ActiveCfg = Release|Any CPU
		{7B8C85E0-0DED-4D27-99EC-7B55B317FD6A}.Release|Any CPU.Build.0 = Release|Any CPU
		{A26CADCD-9CC2-4B81-A5FE-5760B7B1F7C4}.Debug|Any CPU.ActiveCfg = Debug|Any CPU
		{A26CADCD-9CC2-4B81-A5FE-5760B7B1F7C4}.Debug|Any CPU.Build.0 = Debug|Any CPU
		{A26CADCD-9CC2-4B81-A5FE-5760B7B1F7C4}.Release|Any CPU.ActiveCfg = Release|Any CPU
		{A26CADCD-9CC2-4B81-A5FE-5760B7B1F7C4}.Release|Any CPU.Build.0 = Release|Any CPU
		{7912D12B-9937-444E-8DE0-5AB6103145BE}.Debug|Any CPU.ActiveCfg = Debug|Any CPU
		{7912D12B-9937-444E-8DE0-5AB6103145BE}.Debug|Any CPU.Build.0 = Debug|Any CPU
		{7912D12B-9937-444E-8DE0-5AB6103145BE}.Release|Any CPU.ActiveCfg = Release|Any CPU
		{7912D12B-9937-444E-8DE0-5AB6103145BE}.Release|Any CPU.Build.0 = Release|Any CPU
		{6EF53E62-39A9-4242-8D50-002FEA64CE56}.Debug|Any CPU.ActiveCfg = Debug|Any CPU
		{6EF53E62-39A9-4242-8D50-002FEA64CE56}.Debug|Any CPU.Build.0 = Debug|Any CPU
		{6EF53E62-39A9-4242-8D50-002FEA64CE56}.Release|Any CPU.ActiveCfg = Release|Any CPU
		{6EF53E62-39A9-4242-8D50-002FEA64CE56}.Release|Any CPU.Build.0 = Release|Any CPU
		{A64B3164-7FF8-41AE-B66A-EFDC08B14AFD}.Debug|Any CPU.ActiveCfg = Debug|Any CPU
		{A64B3164-7FF8-41AE-B66A-EFDC08B14AFD}.Debug|Any CPU.Build.0 = Debug|Any CPU
		{A64B3164-7FF8-41AE-B66A-EFDC08B14AFD}.Release|Any CPU.ActiveCfg = Release|Any CPU
		{A64B3164-7FF8-41AE-B66A-EFDC08B14AFD}.Release|Any CPU.Build.0 = Release|Any CPU
		{FECC7C1B-5D67-43A7-8D4E-97AF711616E5}.Debug|Any CPU.ActiveCfg = Debug|Any CPU
		{FECC7C1B-5D67-43A7-8D4E-97AF711616E5}.Debug|Any CPU.Build.0 = Debug|Any CPU
		{FECC7C1B-5D67-43A7-8D4E-97AF711616E5}.Release|Any CPU.ActiveCfg = Release|Any CPU
		{FECC7C1B-5D67-43A7-8D4E-97AF711616E5}.Release|Any CPU.Build.0 = Release|Any CPU
		{08B8FD33-5856-4DA6-9842-7D74F6887177}.Debug|Any CPU.ActiveCfg = Debug|Any CPU
		{08B8FD33-5856-4DA6-9842-7D74F6887177}.Debug|Any CPU.Build.0 = Debug|Any CPU
		{08B8FD33-5856-4DA6-9842-7D74F6887177}.Release|Any CPU.ActiveCfg = Release|Any CPU
		{08B8FD33-5856-4DA6-9842-7D74F6887177}.Release|Any CPU.Build.0 = Release|Any CPU
		{AA259C5F-98DE-4F18-9107-8B74CE9B21D9}.Debug|Any CPU.ActiveCfg = Debug|Any CPU
		{AA259C5F-98DE-4F18-9107-8B74CE9B21D9}.Debug|Any CPU.Build.0 = Debug|Any CPU
		{AA259C5F-98DE-4F18-9107-8B74CE9B21D9}.Release|Any CPU.ActiveCfg = Release|Any CPU
		{AA259C5F-98DE-4F18-9107-8B74CE9B21D9}.Release|Any CPU.Build.0 = Release|Any CPU
	EndGlobalSection
	GlobalSection(NestedProjects) = preSolution
		{F2911E85-13C3-4993-8B5C-2ED603F3427A} = {E14248CA-BC4B-41B1-812B-3A5AF9C48C12}
		{1AA78403-4AF2-461F-A6C0-1751B6F2384A} = {E14248CA-BC4B-41B1-812B-3A5AF9C48C12}
		{F13481A0-9662-4226-96C9-2449D432E6D4} = {E14248CA-BC4B-41B1-812B-3A5AF9C48C12}
		{3C99EA6F-362F-4CE6-A890-73FDE2739B03} = {E443A4E4-5B9C-4BB4-AE32-5D057862BDE9}
		{7B8C85E0-0DED-4D27-99EC-7B55B317FD6A} = {E443A4E4-5B9C-4BB4-AE32-5D057862BDE9}
		{A26CADCD-9CC2-4B81-A5FE-5760B7B1F7C4} = {E443A4E4-5B9C-4BB4-AE32-5D057862BDE9}
		{E3D6BDDC-AC2F-4B0E-9C1E-143708E90927} = {4D632389-F788-48C4-AB0E-AAD933E5E463}
		{687D74FB-F245-438A-87EA-8D59D405D8C1} = {4D632389-F788-48C4-AB0E-AAD933E5E463}
		{7912D12B-9937-444E-8DE0-5AB6103145BE} = {4D632389-F788-48C4-AB0E-AAD933E5E463}
		{A7EA7A1B-588C-410E-B428-99B3992B0F36} = {4D632389-F788-48C4-AB0E-AAD933E5E463}
		{6EF53E62-39A9-4242-8D50-002FEA64CE56} = {34910B7D-B3D9-447E-BA90-FA5C110D32D3}
		{A64B3164-7FF8-41AE-B66A-EFDC08B14AFD} = {34910B7D-B3D9-447E-BA90-FA5C110D32D3}
		{FECC7C1B-5D67-43A7-8D4E-97AF711616E5} = {9F07FB06-CCCF-405E-9855-B26B6A76BB08}
		{08B8FD33-5856-4DA6-9842-7D74F6887177} = {9F07FB06-CCCF-405E-9855-B26B6A76BB08}
		{AA259C5F-98DE-4F18-9107-8B74CE9B21D9} = {9F07FB06-CCCF-405E-9855-B26B6A76BB08}
	EndGlobalSection
EndGlobal
